
Microsoft Visual Studio Solution File, Format Version 12.00
# Visual Studio Version 16
VisualStudioVersion = 16.0.30114.105
MinimumVisualStudioVersion = 10.0.40219.1
Project("{FAE04EC0-301F-11D3-BF4B-00C04F79EFBC}") = "Pretpark", "week1\Pretpark.csproj", "{2BB4E34C-EF7C-4836-A1A2-39B9690FB7D1}"
EndProject
Project("{2150E333-8FDC-42A3-9474-1A3956D46DE8}") = "week2", "week2", "{65B98D27-8E05-4FB2-A23A-2C5A4C00E2E5}"
EndProject
Project("{2150E333-8FDC-42A3-9474-1A3956D46DE8}") = "src", "src", "{02866F6A-7B3C-48A7-9572-550198554C6A}"
EndProject
Project("{FAE04EC0-301F-11D3-BF4B-00C04F79EFBC}") = "Authenticatie", "week2\src\authenticatie\Authenticatie.csproj", "{E4BEF71D-3430-4295-8829-7758C62E1636}"
EndProject
Project("{2150E333-8FDC-42A3-9474-1A3956D46DE8}") = "tests", "tests", "{E22CE26D-A358-4C2F-B7B1-D3BC8371C57D}"
EndProject
Project("{FAE04EC0-301F-11D3-BF4B-00C04F79EFBC}") = "AuthenticatieTests", "week2\tests\authenticatie\AuthenticatieTests.csproj", "{839C1F24-4B7C-4FBD-8CE9-5E0C6055207E}"
EndProject
Project("{2150E333-8FDC-42A3-9474-1A3956D46DE8}") = "week4", "week4", "{018F84CA-45FF-416A-98D7-E3A4B7535D66}"
EndProject
Project("{2150E333-8FDC-42A3-9474-1A3956D46DE8}") = "src", "src", "{2B7B9F31-4B7C-47F4-AD36-CD7C692D08DC}"
EndProject
Project("{FAE04EC0-301F-11D3-BF4B-00C04F79EFBC}") = "database", "week4\src\database\database.csproj", "{933C8103-CA91-445D-A968-11EF2225C60F}"
EndProject
Project("{FAE04EC0-301F-11D3-BF4B-00C04F79EFBC}") = "week3", "week3\week3.csproj", "{AA1156D3-CEC2-4215-9BB1-EF0F9912A8C4}"
EndProject
Project("{2150E333-8FDC-42A3-9474-1A3956D46DE8}") = "tests", "tests", "{1FD7604B-EAA8-4CD7-88CD-BE729403CAFC}"
EndProject
Project("{FAE04EC0-301F-11D3-BF4B-00C04F79EFBC}") = "database", "week4\tests\database\database.csproj", "{6751C8A5-38E6-460E-9E97-91B3CC10A543}"
EndProject
Global
	GlobalSection(SolutionConfigurationPlatforms) = preSolution
		Debug|Any CPU = Debug|Any CPU
		Release|Any CPU = Release|Any CPU
	EndGlobalSection
	GlobalSection(SolutionProperties) = preSolution
		HideSolutionNode = FALSE
	EndGlobalSection
	GlobalSection(ProjectConfigurationPlatforms) = postSolution
		{2BB4E34C-EF7C-4836-A1A2-39B9690FB7D1}.Debug|Any CPU.ActiveCfg = Debug|Any CPU
		{2BB4E34C-EF7C-4836-A1A2-39B9690FB7D1}.Debug|Any CPU.Build.0 = Debug|Any CPU
		{2BB4E34C-EF7C-4836-A1A2-39B9690FB7D1}.Release|Any CPU.ActiveCfg = Release|Any CPU
		{2BB4E34C-EF7C-4836-A1A2-39B9690FB7D1}.Release|Any CPU.Build.0 = Release|Any CPU
		{E4BEF71D-3430-4295-8829-7758C62E1636}.Debug|Any CPU.ActiveCfg = Debug|Any CPU
		{E4BEF71D-3430-4295-8829-7758C62E1636}.Debug|Any CPU.Build.0 = Debug|Any CPU
		{E4BEF71D-3430-4295-8829-7758C62E1636}.Release|Any CPU.ActiveCfg = Release|Any CPU
		{E4BEF71D-3430-4295-8829-7758C62E1636}.Release|Any CPU.Build.0 = Release|Any CPU
		{839C1F24-4B7C-4FBD-8CE9-5E0C6055207E}.Debug|Any CPU.ActiveCfg = Debug|Any CPU
		{839C1F24-4B7C-4FBD-8CE9-5E0C6055207E}.Debug|Any CPU.Build.0 = Debug|Any CPU
		{839C1F24-4B7C-4FBD-8CE9-5E0C6055207E}.Release|Any CPU.ActiveCfg = Release|Any CPU
		{839C1F24-4B7C-4FBD-8CE9-5E0C6055207E}.Release|Any CPU.Build.0 = Release|Any CPU
		{933C8103-CA91-445D-A968-11EF2225C60F}.Debug|Any CPU.ActiveCfg = Debug|Any CPU
		{933C8103-CA91-445D-A968-11EF2225C60F}.Debug|Any CPU.Build.0 = Debug|Any CPU
		{933C8103-CA91-445D-A968-11EF2225C60F}.Release|Any CPU.ActiveCfg = Release|Any CPU
		{933C8103-CA91-445D-A968-11EF2225C60F}.Release|Any CPU.Build.0 = Release|Any CPU
		{AA1156D3-CEC2-4215-9BB1-EF0F9912A8C4}.Debug|Any CPU.ActiveCfg = Debug|Any CPU
		{AA1156D3-CEC2-4215-9BB1-EF0F9912A8C4}.Debug|Any CPU.Build.0 = Debug|Any CPU
		{AA1156D3-CEC2-4215-9BB1-EF0F9912A8C4}.Release|Any CPU.ActiveCfg = Release|Any CPU
		{AA1156D3-CEC2-4215-9BB1-EF0F9912A8C4}.Release|Any CPU.Build.0 = Release|Any CPU
		{6751C8A5-38E6-460E-9E97-91B3CC10A543}.Debug|Any CPU.ActiveCfg = Debug|Any CPU
		{6751C8A5-38E6-460E-9E97-91B3CC10A543}.Debug|Any CPU.Build.0 = Debug|Any CPU
		{6751C8A5-38E6-460E-9E97-91B3CC10A543}.Release|Any CPU.ActiveCfg = Release|Any CPU
		{6751C8A5-38E6-460E-9E97-91B3CC10A543}.Release|Any CPU.Build.0 = Release|Any CPU
	EndGlobalSection
	GlobalSection(NestedProjects) = preSolution
		{02866F6A-7B3C-48A7-9572-550198554C6A} = {65B98D27-8E05-4FB2-A23A-2C5A4C00E2E5}
		{E4BEF71D-3430-4295-8829-7758C62E1636} = {02866F6A-7B3C-48A7-9572-550198554C6A}
		{E22CE26D-A358-4C2F-B7B1-D3BC8371C57D} = {65B98D27-8E05-4FB2-A23A-2C5A4C00E2E5}
		{839C1F24-4B7C-4FBD-8CE9-5E0C6055207E} = {E22CE26D-A358-4C2F-B7B1-D3BC8371C57D}
		{2B7B9F31-4B7C-47F4-AD36-CD7C692D08DC} = {018F84CA-45FF-416A-98D7-E3A4B7535D66}
		{933C8103-CA91-445D-A968-11EF2225C60F} = {2B7B9F31-4B7C-47F4-AD36-CD7C692D08DC}
		{1FD7604B-EAA8-4CD7-88CD-BE729403CAFC} = {018F84CA-45FF-416A-98D7-E3A4B7535D66}
		{6751C8A5-38E6-460E-9E97-91B3CC10A543} = {1FD7604B-EAA8-4CD7-88CD-BE729403CAFC}
	EndGlobalSection
EndGlobal
