
Microsoft Visual Studio Solution File, Format Version 12.00
# Visual Studio Version 16
VisualStudioVersion = 16.0.30114.105
MinimumVisualStudioVersion = 10.0.40219.1
Project("{FAE04EC0-301F-11D3-BF4B-00C04F79EFBC}") = "Pretpark", "week1\Pretpark.csproj", "{2BB4E34C-EF7C-4836-A1A2-39B9690FB7D1}"
EndProject
Project("{2150E333-8FDC-42A3-9474-1A3956D46DE8}") = "week2", "week2", "{65B98D27-8E05-4FB2-A23A-2C5A4C00E2E5}"
EndProject
Project("{2150E333-8FDC-42A3-9474-1A3956D46DE8}") = "src", "src", "{02866F6A-7B3C-48A7-9572-550198554C6A}"
EndProject
Project("{FAE04EC0-301F-11D3-BF4B-00C04F79EFBC}") = "Authenticatie", "week2\src\authenticatie\Authenticatie.csproj", "{E4BEF71D-3430-4295-8829-7758C62E1636}"
EndProject
Project("{2150E333-8FDC-42A3-9474-1A3956D46DE8}") = "tests", "tests", "{E22CE26D-A358-4C2F-B7B1-D3BC8371C57D}"
EndProject
Project("{FAE04EC0-301F-11D3-BF4B-00C04F79EFBC}") = "AuthenticatieTests", "week2\tests\authenticatie\AuthenticatieTests.csproj", "{839C1F24-4B7C-4FBD-8CE9-5E0C6055207E}"
EndProject
Global
	GlobalSection(SolutionConfigurationPlatforms) = preSolution
		Debug|Any CPU = Debug|Any CPU
		Release|Any CPU = Release|Any CPU
	EndGlobalSection
	GlobalSection(SolutionProperties) = preSolution
		HideSolutionNode = FALSE
	EndGlobalSection
	GlobalSection(ProjectConfigurationPlatforms) = postSolution
		{2BB4E34C-EF7C-4836-A1A2-39B9690FB7D1}.Debug|Any CPU.ActiveCfg = Debug|Any CPU
		{2BB4E34C-EF7C-4836-A1A2-39B9690FB7D1}.Debug|Any CPU.Build.0 = Debug|Any CPU
		{2BB4E34C-EF7C-4836-A1A2-39B9690FB7D1}.Release|Any CPU.ActiveCfg = Release|Any CPU
		{2BB4E34C-EF7C-4836-A1A2-39B9690FB7D1}.Release|Any CPU.Build.0 = Release|Any CPU
		{E4BEF71D-3430-4295-8829-7758C62E1636}.Debug|Any CPU.ActiveCfg = Debug|Any CPU
		{E4BEF71D-3430-4295-8829-7758C62E1636}.Debug|Any CPU.Build.0 = Debug|Any CPU
		{E4BEF71D-3430-4295-8829-7758C62E1636}.Release|Any CPU.ActiveCfg = Release|Any CPU
		{E4BEF71D-3430-4295-8829-7758C62E1636}.Release|Any CPU.Build.0 = Release|Any CPU
		{839C1F24-4B7C-4FBD-8CE9-5E0C6055207E}.Debug|Any CPU.ActiveCfg = Debug|Any CPU
		{839C1F24-4B7C-4FBD-8CE9-5E0C6055207E}.Debug|Any CPU.Build.0 = Debug|Any CPU
		{839C1F24-4B7C-4FBD-8CE9-5E0C6055207E}.Release|Any CPU.ActiveCfg = Release|Any CPU
		{839C1F24-4B7C-4FBD-8CE9-5E0C6055207E}.Release|Any CPU.Build.0 = Release|Any CPU
	EndGlobalSection
	GlobalSection(NestedProjects) = preSolution
		{02866F6A-7B3C-48A7-9572-550198554C6A} = {65B98D27-8E05-4FB2-A23A-2C5A4C00E2E5}
		{E4BEF71D-3430-4295-8829-7758C62E1636} = {02866F6A-7B3C-48A7-9572-550198554C6A}
		{E22CE26D-A358-4C2F-B7B1-D3BC8371C57D} = {65B98D27-8E05-4FB2-A23A-2C5A4C00E2E5}
		{839C1F24-4B7C-4FBD-8CE9-5E0C6055207E} = {E22CE26D-A358-4C2F-B7B1-D3BC8371C57D}
	EndGlobalSection
EndGlobal
